schema: '2.0'
stages:
  prep-wy:
    cmd: PYTHONPATH=site/_pipelines python site/_pipelines/ks4/prepare.py wycc
    deps:
    - path: data/csv/ks4/Key stage 4 performance.csv
      md5: 27fbc5a31ef986824aa950275ee5bb1e
      size: 3292
    - path: site/_pipelines/ks4/prepare.py
      md5: a56052a519dd3289eacc8bb3b1d6c7d3
      size: 4258
    outs:
    - path: site/wycc/supply/ks4/_data/stats.csv
      md5: c98a2aaece2123679bf119a7f4696f82
      size: 1288
    - path: site/wycc/supply/ks4/_data/summary.json
      md5: 6dd67cb90c862aae451fbbd485f8076a
      size: 223
