schema: '2.0'
stages:
  prepare-wy:
    cmd: PYTHONPATH=site/_pipelines python site/_pipelines/datacity/prepare.py wycc
    deps:
    - path: data/csv/datacity/JobPostingsBySOC4Code.csv
      md5: aceb942bb32b6c0ae772c86270f85acf
      size: 23820
    - path: site/_pipelines/datacity/prepare.py
      md5: ffbba2956849f28f66a14ed1cd5b775e
      size: 2204
    - path: site/_pipelines/datacity/soc4.py
      md5: 3a9751e87e00614c73ea1250c6dfe57f
      size: 1954
    - path: site/_pipelines/lookups.py
      md5: 414041da95ff3817e3db4a83d431fcf9
      size: 809
    outs:
    - path: site/wycc/demand/_data/postings_by_soc4_sub_major.csv
      md5: dc8cef0c9683630da0aa6d8223ff2ccc
      size: 2960
    - path: site/wycc/demand/_data/postings_by_soc4_unit.csv
      md5: 1e38bb96b0e15a7faa0a0bc3fe8bdfbf
      size: 12040
  prepare-ny:
    cmd: PYTHONPATH=site/_pipelines python site/_pipelines/datacity/prepare.py nycc
    deps:
    - path: data/csv/datacity/JobPostingsBySOC4Code.csv
      md5: aceb942bb32b6c0ae772c86270f85acf
      size: 23820
    - path: site/_pipelines/datacity/prepare.py
      md5: ffbba2956849f28f66a14ed1cd5b775e
      size: 2204
    - path: site/_pipelines/datacity/soc4.py
      md5: 3a9751e87e00614c73ea1250c6dfe57f
      size: 1954
    - path: site/_pipelines/lookups.py
      md5: 414041da95ff3817e3db4a83d431fcf9
      size: 809
    outs:
    - path: site/nycc/demand/_data/postings_by_soc4_sub_major.csv
      md5: e8c04a83bb74fe0efe9af5b96e469753
      size: 3378
    - path: site/nycc/demand/_data/postings_by_soc4_unit.csv
      md5: 037801485612054e0afdc23a9a54925f
      size: 17371
