schema: '2.0'
stages:
  prep-ny:
    cmd: PYTHONPATH=site/_pipelines python site/_pipelines/fe_dest/prepare.py nycc
    deps:
    - path: data/csv/fe_dest/16-18 local authority level destinations.csv
      md5: 66ff93065a279d15dc6cc07de777e6e5
      size: 1259494
    - path: site/_pipelines/fe_dest/prepare.py
      md5: d2181436fda268162fc9837a208d6c0c
      size: 3686
    outs:
    - path: site/nycc/supply/fe_dest/_data/fe_dest_totals_by_geography.csv
      md5: 461a650133a6ce9a5add6b3ff3339755
      size: 292
      isexec: true
    - path: site/nycc/supply/fe_dest/_data/summary.json
      md5: 7524aa79b527502adfd6b6abd9d0c3e7
      size: 106
      isexec: true
  prep-wy:
    cmd: PYTHONPATH=site/_pipelines python site/_pipelines/fe_dest/prepare.py wycc
    deps:
    - path: data/csv/fe_dest/16-18 local authority level destinations.csv
      md5: 66ff93065a279d15dc6cc07de777e6e5
      size: 1259494
    - path: site/_pipelines/fe_dest/prepare.py
      md5: d2181436fda268162fc9837a208d6c0c
      size: 3686
    outs:
    - path: site/wycc/supply/fe_dest/_data/fe_dest_totals_by_geography.csv
      md5: 8a7e2bc87e6eb8bf1d8018f54656853b
      size: 491
      isexec: true
    - path: site/wycc/supply/fe_dest/_data/summary.json
      md5: 3882173279ec23d74a5fb15047e59203
      size: 109
      isexec: true
  prep-detail-wy:
    cmd: PYTHONPATH=site/_pipelines python site/_pipelines/fe_dest/prepare_detail.py
      wycc
    deps:
    - path: data/csv/fe_dest/16-18 local authority level destinations.csv
      md5: 66ff93065a279d15dc6cc07de777e6e5
      size: 1259494
    - path: site/_pipelines/fe_dest/prepare_detail.py
      md5: e74f9506de7443438763760bf80421e8
      size: 2758
    outs:
    - path: site/wycc/supply/fe_dest/_data/2020_21/detail_summary.json
      md5: 47c72c5e79118d3671dbc8f054fcf1ae
      size: 23
      isexec: true
    - path: site/wycc/supply/fe_dest/_data/2020_21/fe_dest_detail.csv
      md5: f66dedce59e8cfd75bb388c67a63d88d
      size: 1031
      isexec: true
  prep-detail-ny:
    cmd: PYTHONPATH=site/_pipelines python site/_pipelines/fe_dest/prepare_detail.py
      nycc
    deps:
    - path: data/csv/fe_dest/16-18 local authority level destinations.csv
      md5: 66ff93065a279d15dc6cc07de777e6e5
      size: 1259494
    - path: site/_pipelines/fe_dest/prepare_detail.py
      md5: e74f9506de7443438763760bf80421e8
      size: 2758
    outs:
    - path: site/nycc/supply/fe_dest/_data/2020_21/detail_summary.json
      md5: 47c72c5e79118d3671dbc8f054fcf1ae
      size: 23
      isexec: true
    - path: site/nycc/supply/fe_dest/_data/2020_21/fe_dest_detail.csv
      md5: f66dedce59e8cfd75bb388c67a63d88d
      size: 1031
      isexec: true
