schema: '2.0'
stages:
  metadata:
    cmd: python site/_pipelines/metadata/prepare.py
    deps:
    - path: data/csv/
      md5: 9c87eb90610d8e8576d506de2ec6a889.dir
      size: 380394860
      nfiles: 41
    - path: site/_pipelines/metadata/prepare.py
      md5: 48185bdd9edfd7e9aea0237efba2a669
      size: 6256
    - path: site/_pipelines/metadata/vars.py
      md5: 8ce90c513dccc85fe0f503764059b460
      size: 163
    outs:
    - path: site/metadata/_data/source
      md5: bec7cc50f7491f30d66d48c6f98a8192.dir
      size: 448949
      nfiles: 41
