schema: '2.0'
stages:
  metadata:
    cmd: python site/_pipelines/metadata/prepare.py
    deps:
    - path: data/csv/
      md5: edad3e496960f461d2af6584c00da534.dir
      size: 380713422
      nfiles: 41
    - path: site/_pipelines/metadata/prepare.py
      md5: 48185bdd9edfd7e9aea0237efba2a669
      size: 6256
    - path: site/_pipelines/metadata/vars.py
      md5: 8ce90c513dccc85fe0f503764059b460
      size: 163
    outs:
    - path: site/metadata/_data/source
      md5: 3ca25e579ac49c33a3fc07bd55f9a996.dir
      size: 523972
      nfiles: 41
